# This file is generated by running "yarn install" inside your project.
# Manual changes might be lost - proceed with caution!

__metadata:
  version: 4

"@corp/my-package-a@workspace:packages/my-package-a":
  version: 0.0.0-use.local
  resolution: "@corp/my-package-a@workspace:packages/my-package-a"
  dependencies:
    "@corp/my-package-b": "workspace:*"
  languageName: unknown
  linkType: soft

"@corp/my-package-b@workspace:*, @corp/my-package-b@workspace:packages/my-package-b":
  version: 0.0.0-use.local
  resolution: "@corp/my-package-b@workspace:packages/my-package-b"
  languageName: unknown
  linkType: soft

"yarn-issue@workspace:.":
  version: 0.0.0-use.local
  resolution: "yarn-issue@workspace:."
  languageName: unknown
  linkType: soft
